
Microsoft Visual Studio Solution File, Format Version 12.00
Project("{FAE04EC0-301F-11D3-BF4B-00C04F79EFBC}") = "Museando.Web", "Museando.Web\Museando.Web.csproj", "{6ABAC265-D09A-4063-B86C-45B48CD8BED4}"
EndProject
Global
	GlobalSection(SolutionConfigurationPlatforms) = preSolution
		Debug|Any CPU = Debug|Any CPU
		Release|Any CPU = Release|Any CPU
	EndGlobalSection
	GlobalSection(ProjectConfigurationPlatforms) = postSolution
		{6ABAC265-D09A-4063-B86C-45B48CD8BED4}.Debug|Any CPU.ActiveCfg = Debug|Any CPU
		{6ABAC265-D09A-4063-B86C-45B48CD8BED4}.Debug|Any CPU.Build.0 = Debug|Any CPU
		{6ABAC265-D09A-4063-B86C-45B48CD8BED4}.Release|Any CPU.ActiveCfg = Release|Any CPU
		{6ABAC265-D09A-4063-B86C-45B48CD8BED4}.Release|Any CPU.Build.0 = Release|Any CPU
	EndGlobalSection
EndGlobal
